
Microsoft Visual Studio Solution File, Format Version 12.00
# Visual Studio Version 17
VisualStudioVersion = 17.11.35222.181
MinimumVisualStudioVersion = 10.0.40219.1
Project("{FAE04EC0-301F-11D3-BF4B-00C04F79EFBC}") = "Typy danych", "Typy danych\Typy danych.csproj", "{52069119-6726-409E-9F97-97B6820D69A2}"
EndProject
Global
	GlobalSection(SolutionConfigurationPlatforms) = preSolution
		Debug|Any CPU = Debug|Any CPU
		Release|Any CPU = Release|Any CPU
	EndGlobalSection
	GlobalSection(ProjectConfigurationPlatforms) = postSolution
		{52069119-6726-409E-9F97-97B6820D69A2}.Debug|Any CPU.ActiveCfg = Debug|Any CPU
		{52069119-6726-409E-9F97-97B6820D69A2}.Debug|Any CPU.Build.0 = Debug|Any CPU
		{52069119-6726-409E-9F97-97B6820D69A2}.Release|Any CPU.ActiveCfg = Release|Any CPU
		{52069119-6726-409E-9F97-97B6820D69A2}.Release|Any CPU.Build.0 = Release|Any CPU
	EndGlobalSection
	GlobalSection(SolutionProperties) = preSolution
		HideSolutionNode = FALSE
	EndGlobalSection
	GlobalSection(ExtensibilityGlobals) = postSolution
		SolutionGuid = {25A78D27-3FF7-4EB3-AA2D-47BCD4C05140}
	EndGlobalSection
EndGlobal
